github.com/dustin/go-humanize v1.0.1 h1:GzkhY7T5VNhEkwH0PVJgjz+f1rRhvBl0VrGfFX5EifI=
github.com/dustin/go-humanize v1.0.1/go.mod h1:Mu1zIs6XwVuF/g6QO3KCNT1T0uJ0L7V4b6f2fNn8U4=
github.com/google/uuid v1.6.0 h1:NIvaJDMOsjHA8n1jAhLSgzrAzy1Hgr+hNrb57e+94F0=
github.com/google/uuid v1.6.0/go.mod h1:TIyPZe4MgqvfeYDBFedMoGGpEw/LqOeaOT+nhxU+yHo=
github.com/mattn/go-isatty v0.0.20 h1:xfD0iDuEKnDkl03q4limB+vH+CxLEtL/jb4xVJSWWEY=
github.com/mattn/go-isatty v0.0.20/go.mod h1:W+V8PltTFMOvHm1uEPWLvcQwCsYIgEFt4BSM2oGbKdE=
github.com/ncruces/go-strftime v0.1.9 h1:bY0MQC28UADQmHmaF5dgpLmImcShSi2kHU9XLdhx/f4=
github.com/ncruces/go-strftime v0.1.9/go.mod h1:Fwc5htZGVVkseilnfgOVb9mKy6w1naJmn9CehxcKcls=
github.com/remyoudompheng/bigfft v0.0.0-20230129092748-24d4a6f8daec h1:W09IVJc94icq4NjY3clb7Lk8O1qJ8BdBEF8z0ibU0rE=
github.com/remyoudompheng/bigfft v0.0.0-20230129092748-24d4a6f8daec/go.mod h1:qqbHyh8v60DhA7CoWK5oRCqLrMHRGoxYCSS9EjAz6Eo=
golang.org/x/exp v0.0.0-20250531010753-e32e59a0b3d3 h1:k/X/UfNWq9pHZ6ClGEeGl1YfP1bjAMD+RN/jgkVeIso=
golang.org/x/exp v0.0.0-20250531010753-e32e59a0b3d3/go.mod h1:5NpfQORPbH3q1Ci34BrZMIf39Pv10eozqLiEKBN2rpY=
golang.org/x/sys v0.34.0 h1:zN7AH4nJiiYRDTqPzrv70iRnMkYCkMI0lGxRiIctHPA=
golang.org/x/sys v0.34.0/go.mod h1:BJP2sWEmIv4KK5OTEluFJCKSidICx8ciO85XgH3Ak8k=
modernc.org/libc v1.65.0 h1:Na3CWc5EkX+Oey2s0NQx5POV+ZVqx/QY0H71b9x12xQ=
modernc.org/libc v1.65.0/go.mod h1:JtmJeCHnMbIdyr7rBEOIA5d5DjB+JoIENrfWH8N7YDY=
modernc.org/mathutil v1.7.1 h1:BMGBgAGMjIz7E6zt4BUngQPyCG915SQUm590U511TBs=
modernc.org/mathutil v1.7.1/go.mod h1:4mOFmnM92OBRryev2XaAFCJcVHe/OBoN4XQ3X6kIVG4=
modernc.org/memory v1.9.1 h1:5iGxjpZfhLlhBCQQYVb1lR34nHwRbGA6mkWVFxN5Ya8=
modernc.org/memory v1.9.1/go.mod h1:QP5oTi4ECFET7dxHcvY/qwgWoZOhSZdlOvJE4eajLi0=
modernc.org/sqlite v1.38.2 h1:Mm2KLvbnxy4EJhvoSs1aZ1YVvaC9sfvFCXsyQEKfAFE=
modernc.org/sqlite v1.38.2/go.mod h1:4YX9C5nMQsUD3UTc/luU/OI2SI79NjK3FEvtHJEyR30=
